// !$*UTF8*$!
{
	archiveVersion = 1;
	classes = {
	};
	objectVersion = 50;
	objects = {

/* Begin PBXBuildFile section */
		1D38740D2635D70D00B3D4E3 /* NotAnotherToDoAppApp.swift in Sources */ = {isa = PBXBuildFile; fileRef = 1D38740C2635D70D00B3D4E3 /* NotAnotherToDoAppApp.swift */; };
		1D38740F2635D70D00B3D4E3 /* ContentView.swift in Sources */ = {isa = PBXBuildFile; fileRef = 1D38740E2635D70D00B3D4E3 /* ContentView.swift */; };
		1D3874112635D71200B3D4E3 /* Assets.xcassets in Resources */ = {isa = PBXBuildFile; fileRef = 1D3874102635D71200B3D4E3 /* Assets.xcassets */; };
		1D3874142635D71200B3D4E3 /* Preview Assets.xcassets in Resources */ = {isa = PBXBuildFile; fileRef = 1D3874132635D71200B3D4E3 /* Preview Assets.xcassets */; };
		1D38741D2635D82200B3D4E3 /* ToDo.swift in Sources */ = {isa = PBXBuildFile; fileRef = 1D38741C2635D82200B3D4E3 /* ToDo.swift */; };
		1D3874202635D93600B3D4E3 /* DataStore.swift in Sources */ = {isa = PBXBuildFile; fileRef = 1D38741F2635D93600B3D4E3 /* DataStore.swift */; };
		1D3874232635DC4900B3D4E3 /* ToDoFormViewModel.swift in Sources */ = {isa = PBXBuildFile; fileRef = 1D3874222635DC4900B3D4E3 /* ToDoFormViewModel.swift */; };
		1D3874262635DDF900B3D4E3 /* ToDoFormView.swift in Sources */ = {isa = PBXBuildFile; fileRef = 1D3874252635DDF800B3D4E3 /* ToDoFormView.swift */; };
		1D3874292635E1D500B3D4E3 /* ModalType.swift in Sources */ = {isa = PBXBuildFile; fileRef = 1D3874282635E1D500B3D4E3 /* ModalType.swift */; };
		1D3874312635EA8400B3D4E3 /* FileManager+Extension.swift in Sources */ = {isa = PBXBuildFile; fileRef = 1D3874302635EA8400B3D4E3 /* FileManager+Extension.swift */; };
/* End PBXBuildFile section */

/* Begin PBXFileReference section */
		1D3874092635D70C00B3D4E3 /* NotAnotherToDoApp.app */ = {isa = PBXFileReference; explicitFileType = wrapper.application; includeInIndex = 0; path = NotAnotherToDoApp.app; sourceTree = BUILT_PRODUCTS_DIR; };
		1D38740C2635D70D00B3D4E3 /* NotAnotherToDoAppApp.swift */ = {isa = PBXFileReference; lastKnownFileType = sourcecode.swift; path = NotAnotherToDoAppApp.swift; sourceTree = "<group>"; };
		1D38740E2635D70D00B3D4E3 /* ContentView.swift */ = {isa = PBXFileReference; lastKnownFileType = sourcecode.swift; path = ContentView.swift; sourceTree = "<group>"; };
		1D3874102635D71200B3D4E3 /* Assets.xcassets */ = {isa = PBXFileReference; lastKnownFileType = folder.assetcatalog; path = Assets.xcassets; sourceTree = "<group>"; };
		1D3874132635D71200B3D4E3 /* Preview Assets.xcassets */ = {isa = PBXFileReference; lastKnownFileType = folder.assetcatalog; path = "Preview Assets.xcassets"; sourceTree = "<group>"; };
		1D3874152635D71200B3D4E3 /* Info.plist */ = {isa = PBXFileReference; lastKnownFileType = text.plist.xml; path = Info.plist; sourceTree = "<group>"; };
		1D38741C2635D82200B3D4E3 /* ToDo.swift */ = {isa = PBXFileReference; lastKnownFileType = sourcecode.swift; path = ToDo.swift; sourceTree = "<group>"; };
		1D38741F2635D93600B3D4E3 /* DataStore.swift */ = {isa = PBXFileReference; lastKnownFileType = sourcecode.swift; path = DataStore.swift; sourceTree = "<group>"; };
		1D3874222635DC4900B3D4E3 /* ToDoFormViewModel.swift */ = {isa = PBXFileReference; lastKnownFileType = sourcecode.swift; path = ToDoFormViewModel.swift; sourceTree = "<group>"; };
		1D3874252635DDF800B3D4E3 /* ToDoFormView.swift */ = {isa = PBXFileReference; lastKnownFileType = sourcecode.swift; path = ToDoFormView.swift; sourceTree = "<group>"; };
		1D3874282635E1D500B3D4E3 /* ModalType.swift */ = {isa = PBXFileReference; lastKnownFileType = sourcecode.swift; path = ModalType.swift; sourceTree = "<group>"; };
		1D3874302635EA8400B3D4E3 /* FileManager+Extension.swift */ = {isa = PBXFileReference; lastKnownFileType = sourcecode.swift; path = "FileManager+Extension.swift"; sourceTree = "<group>"; };
/* End PBXFileReference section */

/* Begin PBXFrameworksBuildPhase section */
		1D3874062635D70C00B3D4E3 /* Frameworks */ = {
			isa = PBXFrameworksBuildPhase;
			buildActionMask = 2147483647;
			files = (
			);
			runOnlyForDeploymentPostprocessing = 0;
		};
/* End PBXFrameworksBuildPhase section */

/* Begin PBXGroup section */
		1D3874002635D70C00B3D4E3 = {
			isa = PBXGroup;
			children = (
				1D38740B2635D70C00B3D4E3 /* NotAnotherToDoApp */,
				1D38740A2635D70C00B3D4E3 /* Products */,
			);
			sourceTree = "<group>";
		};
		1D38740A2635D70C00B3D4E3 /* Products */ = {
			isa = PBXGroup;
			children = (
				1D3874092635D70C00B3D4E3 /* NotAnotherToDoApp.app */,
			);
			name = Products;
			sourceTree = "<group>";
		};
		1D38740B2635D70C00B3D4E3 /* NotAnotherToDoApp */ = {
			isa = PBXGroup;
			children = (
				1D3874252635DDF800B3D4E3 /* ToDoFormView.swift */,
				1D38740E2635D70D00B3D4E3 /* ContentView.swift */,
				1D38741C2635D82200B3D4E3 /* ToDo.swift */,
				1D3874282635E1D500B3D4E3 /* ModalType.swift */,
				1D3874222635DC4900B3D4E3 /* ToDoFormViewModel.swift */,
				1D38741F2635D93600B3D4E3 /* DataStore.swift */,
				1D38740C2635D70D00B3D4E3 /* NotAnotherToDoAppApp.swift */,
				1D3874102635D71200B3D4E3 /* Assets.xcassets */,
				1D3874152635D71200B3D4E3 /* Info.plist */,
				1D3874122635D71200B3D4E3 /* Preview Content */,
				1D3874302635EA8400B3D4E3 /* FileManager+Extension.swift */,
			);
			path = NotAnotherToDoApp;
			sourceTree = "<group>";
		};
		1D3874122635D71200B3D4E3 /* Preview Content */ = {
			isa = PBXGroup;
			children = (
				1D3874132635D71200B3D4E3 /* Preview Assets.xcassets */,
			);
			path = "Preview Content";
			sourceTree = "<group>";
		};
/* End PBXGroup section */

/* Begin PBXNativeTarget section */
		1D3874082635D70C00B3D4E3 /* NotAnotherToDoApp */ = {
			isa = PBXNativeTarget;
			buildConfigurationList = 1D3874182635D71200B3D4E3 /* Build configuration list for PBXNativeTarget "NotAnotherToDoApp" */;
			buildPhases = (
				1D3874052635D70C00B3D4E3 /* Sources */,
				1D3874062635D70C00B3D4E3 /* Frameworks */,
				1D3874072635D70C00B3D4E3 /* Resources */,
			);
			buildRules = (
			);
			dependencies = (
			);
			name = NotAnotherToDoApp;
			productName = NotAnotherToDoApp;
			productReference = 1D3874092635D70C00B3D4E3 /* NotAnotherToDoApp.app */;
			productType = "com.apple.product-type.application";
		};
/* End PBXNativeTarget section */

/* Begin PBXProject section */
		1D3874012635D70C00B3D4E3 /* Project object */ = {
			isa = PBXProject;
			attributes = {
				LastSwiftUpdateCheck = 1240;
				LastUpgradeCheck = 1240;
				TargetAttributes = {
					1D3874082635D70C00B3D4E3 = {
						CreatedOnToolsVersion = 12.4;
					};
				};
			};
			buildConfigurationList = 1D3874042635D70C00B3D4E3 /* Build configuration list for PBXProject "NotAnotherToDoApp" */;
			compatibilityVersion = "Xcode 9.3";
			developmentRegion = en;
			hasScannedForEncodings = 0;
			knownRegions = (
				en,
				Base,
			);
			mainGroup = 1D3874002635D70C00B3D4E3;
			productRefGroup = 1D38740A2635D70C00B3D4E3 /* Products */;
			projectDirPath = "";
			projectRoot = "";
			targets = (
				1D3874082635D70C00B3D4E3 /* NotAnotherToDoApp */,
			);
		};
/* End PBXProject section */

/* Begin PBXResourcesBuildPhase section */
		1D3874072635D70C00B3D4E3 /* Resources */ = {
			isa = PBXResourcesBuildPhase;
			buildActionMask = 2147483647;
			files = (
				1D3874142635D71200B3D4E3 /* Preview Assets.xcassets in Resources */,
				1D3874112635D71200B3D4E3 /* Assets.xcassets in Resources */,
			);
			runOnlyForDeploymentPostprocessing = 0;
		};
/* End PBXResourcesBuildPhase section */

/* Begin PBXSourcesBuildPhase section */
		1D3874052635D70C00B3D4E3 /* Sources */ = {
			isa = PBXSourcesBuildPhase;
			buildActionMask = 2147483647;
			files = (
				1D3874262635DDF900B3D4E3 /* ToDoFormView.swift in Sources */,
				1D3874312635EA8400B3D4E3 /* FileManager+Extension.swift in Sources */,
				1D3874292635E1D500B3D4E3 /* ModalType.swift in Sources */,
				1D38741D2635D82200B3D4E3 /* ToDo.swift in Sources */,
				1D3874202635D93600B3D4E3 /* DataStore.swift in Sources */,
				1D38740F2635D70D00B3D4E3 /* ContentView.swift in Sources */,
				1D38740D2635D70D00B3D4E3 /* NotAnotherToDoAppApp.swift in Sources */,
				1D3874232635DC4900B3D4E3 /* ToDoFormViewModel.swift in Sources */,
			);
			runOnlyForDeploymentPostprocessing = 0;
		};
/* End PBXSourcesBuildPhase section */

/* Begin XCBuildConfiguration section */
		1D3874162635D71200B3D4E3 /* Debug */ = {
			isa = XCBuildConfiguration;
			buildSettings = {
				ALWAYS_SEARCH_USER_PATHS = NO;
				CLANG_ANALYZER_NONNULL = YES;
				CLANG_ANALYZER_NUMBER_OBJECT_CONVERSION = YES_AGGRESSIVE;
				CLANG_CXX_LANGUAGE_STANDARD = "gnu++14";
				CLANG_CXX_LIBRARY = "libc++";
				CLANG_ENABLE_MODULES = YES;
				CLANG_ENABLE_OBJC_ARC = YES;
				CLANG_ENABLE_OBJC_WEAK = YES;
				CLANG_WARN_BLOCK_CAPTURE_AUTORELEASING = YES;
				CLANG_WARN_BOOL_CONVERSION = YES;
				CLANG_WARN_COMMA = YES;
				CLANG_WARN_CONSTANT_CONVERSION = YES;
				CLANG_WARN_DEPRECATED_OBJC_IMPLEMENTATIONS = YES;
				CLANG_WARN_DIRECT_OBJC_ISA_USAGE = YES_ERROR;
				CLANG_WARN_DOCUMENTATION_COMMENTS = YES;
				CLANG_WARN_EMPTY_BODY = YES;
				CLANG_WARN_ENUM_CONVERSION = YES;
				CLANG_WARN_INFINITE_RECURSION = YES;
				CLANG_WARN_INT_CONVERSION = YES;
				CLANG_WARN_NON_LITERAL_NULL_CONVERSION = YES;
				CLANG_WARN_OBJC_IMPLICIT_RETAIN_SELF = YES;
				CLANG_WARN_OBJC_LITERAL_CONVERSION = YES;
				CLANG_WARN_OBJC_ROOT_CLASS = YES_ERROR;
				CLANG_WARN_QUOTED_INCLUDE_IN_FRAMEWORK_HEADER = YES;
				CLANG_WARN_RANGE_LOOP_ANALYSIS = YES;
				CLANG_WARN_STRICT_PROTOTYPES = YES;
				CLANG_WARN_SUSPICIOUS_MOVE = YES;
				CLANG_WARN_UNGUARDED_AVAILABILITY = YES_AGGRESSIVE;
				CLANG_WARN_UNREACHABLE_CODE = YES;
				CLANG_WARN__DUPLICATE_METHOD_MATCH = YES;
				COPY_PHASE_STRIP = NO;
				DEBUG_INFORMATION_FORMAT = dwarf;
				ENABLE_STRICT_OBJC_MSGSEND = YES;
				ENABLE_TESTABILITY = YES;
				GCC_C_LANGUAGE_STANDARD = gnu11;
				GCC_DYNAMIC_NO_PIC = NO;
				GCC_NO_COMMON_BLOCKS = YES;
				GCC_OPTIMIZATION_LEVEL = 0;
				GCC_PREPROCESSOR_DEFINITIONS = (
					"DEBUG=1",
					"$(inherited)",
				);
				GCC_WARN_64_TO_32_BIT_CONVERSION = YES;
				GCC_WARN_ABOUT_RETURN_TYPE = YES_ERROR;
				GCC_WARN_UNDECLARED_SELECTOR = YES;
				GCC_WARN_UNINITIALIZED_AUTOS = YES_AGGRESSIVE;
				GCC_WARN_UNUSED_FUNCTION = YES;
				GCC_WARN_UNUSED_VARIABLE = YES;
				IPHONEOS_DEPLOYMENT_TARGET = 14.4;
				MTL_ENABLE_DEBUG_INFO = INCLUDE_SOURCE;
				MTL_FAST_MATH = YES;
				ONLY_ACTIVE_ARCH = YES;
				SDKROOT = iphoneos;
				SWIFT_ACTIVE_COMPILATION_CONDITIONS = DEBUG;
				SWIFT_OPTIMIZATION_LEVEL = "-Onone";
			};
			name = Debug;
		};
		1D3874172635D71200B3D4E3 /* Release */ = {
			isa = XCBuildConfiguration;
			buildSettings = {
				ALWAYS_SEARCH_USER_PATHS = NO;
				CLANG_ANALYZER_NONNULL = YES;
				CLANG_ANALYZER_NUMBER_OBJECT_CONVERSION = YES_AGGRESSIVE;
				CLANG_CXX_LANGUAGE_STANDARD = "gnu++14";
				CLANG_CXX_LIBRARY = "libc++";
				CLANG_ENABLE_MODULES = YES;
				CLANG_ENABLE_OBJC_ARC = YES;
				CLANG_ENABLE_OBJC_WEAK = YES;
				CLANG_WARN_BLOCK_CAPTURE_AUTORELEASING = YES;
				CLANG_WARN_BOOL_CONVERSION = YES;
				CLANG_WARN_COMMA = YES;
				CLANG_WARN_CONSTANT_CONVERSION = YES;
				CLANG_WARN_DEPRECATED_OBJC_IMPLEMENTATIONS = YES;
				CLANG_WARN_DIRECT_OBJC_ISA_USAGE = YES_ERROR;
				CLANG_WARN_DOCUMENTATION_COMMENTS = YES;
				CLANG_WARN_EMPTY_BODY = YES;
				CLANG_WARN_ENUM_CONVERSION = YES;
				CLANG_WARN_INFINITE_RECURSION = YES;
				CLANG_WARN_INT_CONVERSION = YES;
				CLANG_WARN_NON_LITERAL_NULL_CONVERSION = YES;
				CLANG_WARN_OBJC_IMPLICIT_RETAIN_SELF = YES;
				CLANG_WARN_OBJC_LITERAL_CONVERSION = YES;
				CLANG_WARN_OBJC_ROOT_CLASS = YES_ERROR;
				CLANG_WARN_QUOTED_INCLUDE_IN_FRAMEWORK_HEADER = YES;
				CLANG_WARN_RANGE_LOOP_ANALYSIS = YES;
				CLANG_WARN_STRICT_PROTOTYPES = YES;
				CLANG_WARN_SUSPICIOUS_MOVE = YES;
				CLANG_WARN_UNGUARDED_AVAILABILITY = YES_AGGRESSIVE;
				CLANG_WARN_UNREACHABLE_CODE = YES;
				CLANG_WARN__DUPLICATE_METHOD_MATCH = YES;
				COPY_PHASE_STRIP = NO;
				DEBUG_INFORMATION_FORMAT = "dwarf-with-dsym";
				ENABLE_NS_ASSERTIONS = NO;
				ENABLE_STRICT_OBJC_MSGSEND = YES;
				GCC_C_LANGUAGE_STANDARD = gnu11;
				GCC_NO_COMMON_BLOCKS = YES;
				GCC_WARN_64_TO_32_BIT_CONVERSION = YES;
				GCC_WARN_ABOUT_RETURN_TYPE = YES_ERROR;
				GCC_WARN_UNDECLARED_SELECTOR = YES;
				GCC_WARN_UNINITIALIZED_AUTOS = YES_AGGRESSIVE;
				GCC_WARN_UNUSED_FUNCTION = YES;
				GCC_WARN_UNUSED_VARIABLE = YES;
				IPHONEOS_DEPLOYMENT_TARGET = 14.4;
				MTL_ENABLE_DEBUG_INFO = NO;
				MTL_FAST_MATH = YES;
				SDKROOT = iphoneos;
				SWIFT_COMPILATION_MODE = wholemodule;
				SWIFT_OPTIMIZATION_LEVEL = "-O";
				VALIDATE_PRODUCT = YES;
			};
			name = Release;
		};
		1D3874192635D71200B3D4E3 /* Debug */ = {
			isa = XCBuildConfiguration;
			buildSettings = {
				ASSETCATALOG_COMPILER_APPICON_NAME = AppIcon;
				ASSETCATALOG_COMPILER_GLOBAL_ACCENT_COLOR_NAME = AccentColor;
				CODE_SIGN_STYLE = Automatic;
				DEVELOPMENT_ASSET_PATHS = "\"NotAnotherToDoApp/Preview Content\"";
				DEVELOPMENT_TEAM = L8W86DZDY2;
				ENABLE_PREVIEWS = YES;
				INFOPLIST_FILE = NotAnotherToDoApp/Info.plist;
				IPHONEOS_DEPLOYMENT_TARGET = 14.0;
				LD_RUNPATH_SEARCH_PATHS = (
					"$(inherited)",
					"@executable_path/Frameworks",
				);
				PRODUCT_BUNDLE_IDENTIFIER = com.ri.NotAnotherToDoApp;
				PRODUCT_NAME = "$(TARGET_NAME)";
				SWIFT_VERSION = 5.0;
				TARGETED_DEVICE_FAMILY = "1,2";
			};
			name = Debug;
		};
		1D38741A2635D71200B3D4E3 /* Release */ = {
			isa = XCBuildConfiguration;
			buildSettings = {
				ASSETCATALOG_COMPILER_APPICON_NAME = AppIcon;
				ASSETCATALOG_COMPILER_GLOBAL_ACCENT_COLOR_NAME = AccentColor;
				CODE_SIGN_STYLE = Automatic;
				DEVELOPMENT_ASSET_PATHS = "\"NotAnotherToDoApp/Preview Content\"";
				DEVELOPMENT_TEAM = L8W86DZDY2;
				ENABLE_PREVIEWS = YES;
				INFOPLIST_FILE = NotAnotherToDoApp/Info.plist;
				IPHONEOS_DEPLOYMENT_TARGET = 14.0;
				LD_RUNPATH_SEARCH_PATHS = (
					"$(inherited)",
					"@executable_path/Frameworks",
				);
				PRODUCT_BUNDLE_IDENTIFIER = com.ri.NotAnotherToDoApp;
				PRODUCT_NAME = "$(TARGET_NAME)";
				SWIFT_VERSION = 5.0;
				TARGETED_DEVICE_FAMILY = "1,2";
			};
			name = Release;
		};
/* End XCBuildConfiguration section */

/* Begin XCConfigurationList section */
		1D3874042635D70C00B3D4E3 /* Build configuration list for PBXProject "NotAnotherToDoApp" */ = {
			isa = XCConfigurationList;
			buildConfigurations = (
				1D3874162635D71200B3D4E3 /* Debug */,
				1D3874172635D71200B3D4E3 /* Release */,
			);
			defaultConfigurationIsVisible = 0;
			defaultConfigurationName = Release;
		};
		1D3874182635D71200B3D4E3 /* Build configuration list for PBXNativeTarget "NotAnotherToDoApp" */ = {
			isa = XCConfigurationList;
			buildConfigurations = (
				1D3874192635D71200B3D4E3 /* Debug */,
				1D38741A2635D71200B3D4E3 /* Release */,
			);
			defaultConfigurationIsVisible = 0;
			defaultConfigurationName = Release;
		};
/* End XCConfigurationList section */
	};
	rootObject = 1D3874012635D70C00B3D4E3 /* Project object */;
}
